
Microsoft Visual Studio Solution File, Format Version 12.00
# Visual Studio Version 16
VisualStudioVersion = 16.0.32106.194
MinimumVisualStudioVersion = 10.0.40219.1
Project("{2150E333-8FDC-42A3-9474-1A3956D46DE8}") = "DAL", "DAL", "{46E13084-C295-4086-8BB0-B3A90EAE323A}"
EndProject
Project("{9A19103F-16F7-4668-BE54-9A1E7A4F7556}") = "DAL", "DAL\DAL.csproj", "{DB1BEDB3-F88E-4EE9-854D-BA63D23056AE}"
EndProject
Project("{9A19103F-16F7-4668-BE54-9A1E7A4F7556}") = "DAL_Interface", "DAL_Interface\DAL_Interface.csproj", "{72CC2959-597D-46C8-B9C7-258960B4AD23}"
EndProject
Project("{2150E333-8FDC-42A3-9474-1A3956D46DE8}") = "Dependencies", "Dependencies", "{D76537D5-83AF-4DE0-8223-5D352A06F6C4}"
EndProject
Project("{9A19103F-16F7-4668-BE54-9A1E7A4F7556}") = "Dependencies", "Dependencies\Dependencies.csproj", "{D2991239-057F-4049-A9F4-4DECDC18931E}"
EndProject
Project("{9A19103F-16F7-4668-BE54-9A1E7A4F7556}") = "DAL_JSON", "DAL_JSON\DAL_JSON.csproj", "{0A35912F-AA63-445E-BBA0-B91F9BE08A67}"
EndProject
Project("{2150E333-8FDC-42A3-9474-1A3956D46DE8}") = "Entity", "Entity", "{8336299A-FB34-4668-81DE-B4DBB76C65C1}"
EndProject
Project("{9A19103F-16F7-4668-BE54-9A1E7A4F7556}") = "Entity_Res", "Entity_Res\Entity_Res.csproj", "{EA869B43-B2D7-4CB0-9740-3D1E4157CE00}"
EndProject
Project("{2150E333-8FDC-42A3-9474-1A3956D46DE8}") = "PL-BL", "PL-BL", "{AEBC8275-17D4-4F68-93A1-4EC4C47326F7}"
EndProject
Project("{9A19103F-16F7-4668-BE54-9A1E7A4F7556}") = "Logic-layer", "Logic-layer\Logic-layer.csproj", "{E490FF47-C438-4190-B0DC-C2028873D272}"
EndProject
Project("{2150E333-8FDC-42A3-9474-1A3956D46DE8}") = "Tests", "Tests", "{EDDB0B46-EF38-4398-9145-967C7B37504F}"
EndProject
Project("{FAE04EC0-301F-11D3-BF4B-00C04F79EFBC}") = "LogicTests", "LogicTests\LogicTests.csproj", "{02A3B31D-B606-409D-9668-9B1AB4D0F9A5}"
EndProject
Global
	GlobalSection(SolutionConfigurationPlatforms) = preSolution
		Debug|Any CPU = Debug|Any CPU
		Debug|ARM = Debug|ARM
		Debug|ARM64 = Debug|ARM64
		Debug|x64 = Debug|x64
		Debug|x86 = Debug|x86
		Release|Any CPU = Release|Any CPU
		Release|ARM = Release|ARM
		Release|ARM64 = Release|ARM64
		Release|x64 = Release|x64
		Release|x86 = Release|x86
	EndGlobalSection
	GlobalSection(ProjectConfigurationPlatforms) = postSolution
		{DB1BEDB3-F88E-4EE9-854D-BA63D23056AE}.Debug|Any CPU.ActiveCfg = Debug|Any CPU
		{DB1BEDB3-F88E-4EE9-854D-BA63D23056AE}.Debug|Any CPU.Build.0 = Debug|Any CPU
		{DB1BEDB3-F88E-4EE9-854D-BA63D23056AE}.Debug|ARM.ActiveCfg = Debug|Any CPU
		{DB1BEDB3-F88E-4EE9-854D-BA63D23056AE}.Debug|ARM.Build.0 = Debug|Any CPU
		{DB1BEDB3-F88E-4EE9-854D-BA63D23056AE}.Debug|ARM64.ActiveCfg = Debug|Any CPU
		{DB1BEDB3-F88E-4EE9-854D-BA63D23056AE}.Debug|ARM64.Build.0 = Debug|Any CPU
		{DB1BEDB3-F88E-4EE9-854D-BA63D23056AE}.Debug|x64.ActiveCfg = Debug|Any CPU
		{DB1BEDB3-F88E-4EE9-854D-BA63D23056AE}.Debug|x64.Build.0 = Debug|Any CPU
		{DB1BEDB3-F88E-4EE9-854D-BA63D23056AE}.Debug|x86.ActiveCfg = Debug|Any CPU
		{DB1BEDB3-F88E-4EE9-854D-BA63D23056AE}.Debug|x86.Build.0 = Debug|Any CPU
		{DB1BEDB3-F88E-4EE9-854D-BA63D23056AE}.Release|Any CPU.ActiveCfg = Release|Any CPU
		{DB1BEDB3-F88E-4EE9-854D-BA63D23056AE}.Release|Any CPU.Build.0 = Release|Any CPU
		{DB1BEDB3-F88E-4EE9-854D-BA63D23056AE}.Release|ARM.ActiveCfg = Release|Any CPU
		{DB1BEDB3-F88E-4EE9-854D-BA63D23056AE}.Release|ARM.Build.0 = Release|Any CPU
		{DB1BEDB3-F88E-4EE9-854D-BA63D23056AE}.Release|ARM64.ActiveCfg = Release|Any CPU
		{DB1BEDB3-F88E-4EE9-854D-BA63D23056AE}.Release|ARM64.Build.0 = Release|Any CPU
		{DB1BEDB3-F88E-4EE9-854D-BA63D23056AE}.Release|x64.ActiveCfg = Release|Any CPU
		{DB1BEDB3-F88E-4EE9-854D-BA63D23056AE}.Release|x64.Build.0 = Release|Any CPU
		{DB1BEDB3-F88E-4EE9-854D-BA63D23056AE}.Release|x86.ActiveCfg = Release|Any CPU
		{DB1BEDB3-F88E-4EE9-854D-BA63D23056AE}.Release|x86.Build.0 = Release|Any CPU
		{72CC2959-597D-46C8-B9C7-258960B4AD23}.Debug|Any CPU.ActiveCfg = Debug|Any CPU
		{72CC2959-597D-46C8-B9C7-258960B4AD23}.Debug|Any CPU.Build.0 = Debug|Any CPU
		{72CC2959-597D-46C8-B9C7-258960B4AD23}.Debug|ARM.ActiveCfg = Debug|Any CPU
		{72CC2959-597D-46C8-B9C7-258960B4AD23}.Debug|ARM.Build.0 = Debug|Any CPU
		{72CC2959-597D-46C8-B9C7-258960B4AD23}.Debug|ARM64.ActiveCfg = Debug|Any CPU
		{72CC2959-597D-46C8-B9C7-258960B4AD23}.Debug|ARM64.Build.0 = Debug|Any CPU
		{72CC2959-597D-46C8-B9C7-258960B4AD23}.Debug|x64.ActiveCfg = Debug|Any CPU
		{72CC2959-597D-46C8-B9C7-258960B4AD23}.Debug|x64.Build.0 = Debug|Any CPU
		{72CC2959-597D-46C8-B9C7-258960B4AD23}.Debug|x86.ActiveCfg = Debug|Any CPU
		{72CC2959-597D-46C8-B9C7-258960B4AD23}.Debug|x86.Build.0 = Debug|Any CPU
		{72CC2959-597D-46C8-B9C7-258960B4AD23}.Release|Any CPU.ActiveCfg = Release|Any CPU
		{72CC2959-597D-46C8-B9C7-258960B4AD23}.Release|Any CPU.Build.0 = Release|Any CPU
		{72CC2959-597D-46C8-B9C7-258960B4AD23}.Release|ARM.ActiveCfg = Release|Any CPU
		{72CC2959-597D-46C8-B9C7-258960B4AD23}.Release|ARM.Build.0 = Release|Any CPU
		{72CC2959-597D-46C8-B9C7-258960B4AD23}.Release|ARM64.ActiveCfg = Release|Any CPU
		{72CC2959-597D-46C8-B9C7-258960B4AD23}.Release|ARM64.Build.0 = Release|Any CPU
		{72CC2959-597D-46C8-B9C7-258960B4AD23}.Release|x64.ActiveCfg = Release|Any CPU
		{72CC2959-597D-46C8-B9C7-258960B4AD23}.Release|x64.Build.0 = Release|Any CPU
		{72CC2959-597D-46C8-B9C7-258960B4AD23}.Release|x86.ActiveCfg = Release|Any CPU
		{72CC2959-597D-46C8-B9C7-258960B4AD23}.Release|x86.Build.0 = Release|Any CPU
		{D2991239-057F-4049-A9F4-4DECDC18931E}.Debug|Any CPU.ActiveCfg = Debug|Any CPU
		{D2991239-057F-4049-A9F4-4DECDC18931E}.Debug|Any CPU.Build.0 = Debug|Any CPU
		{D2991239-057F-4049-A9F4-4DECDC18931E}.Debug|ARM.ActiveCfg = Debug|Any CPU
		{D2991239-057F-4049-A9F4-4DECDC18931E}.Debug|ARM.Build.0 = Debug|Any CPU
		{D2991239-057F-4049-A9F4-4DECDC18931E}.Debug|ARM64.ActiveCfg = Debug|Any CPU
		{D2991239-057F-4049-A9F4-4DECDC18931E}.Debug|ARM64.Build.0 = Debug|Any CPU
		{D2991239-057F-4049-A9F4-4DECDC18931E}.Debug|x64.ActiveCfg = Debug|Any CPU
		{D2991239-057F-4049-A9F4-4DECDC18931E}.Debug|x64.Build.0 = Debug|Any CPU
		{D2991239-057F-4049-A9F4-4DECDC18931E}.Debug|x86.ActiveCfg = Debug|Any CPU
		{D2991239-057F-4049-A9F4-4DECDC18931E}.Debug|x86.Build.0 = Debug|Any CPU
		{D2991239-057F-4049-A9F4-4DECDC18931E}.Release|Any CPU.ActiveCfg = Release|Any CPU
		{D2991239-057F-4049-A9F4-4DECDC18931E}.Release|Any CPU.Build.0 = Release|Any CPU
		{D2991239-057F-4049-A9F4-4DECDC18931E}.Release|ARM.ActiveCfg = Release|Any CPU
		{D2991239-057F-4049-A9F4-4DECDC18931E}.Release|ARM.Build.0 = Release|Any CPU
		{D2991239-057F-4049-A9F4-4DECDC18931E}.Release|ARM64.ActiveCfg = Release|Any CPU
		{D2991239-057F-4049-A9F4-4DECDC18931E}.Release|ARM64.Build.0 = Release|Any CPU
		{D2991239-057F-4049-A9F4-4DECDC18931E}.Release|x64.ActiveCfg = Release|Any CPU
		{D2991239-057F-4049-A9F4-4DECDC18931E}.Release|x64.Build.0 = Release|Any CPU
		{D2991239-057F-4049-A9F4-4DECDC18931E}.Release|x86.ActiveCfg = Release|Any CPU
		{D2991239-057F-4049-A9F4-4DECDC18931E}.Release|x86.Build.0 = Release|Any CPU
		{0A35912F-AA63-445E-BBA0-B91F9BE08A67}.Debug|Any CPU.ActiveCfg = Debug|Any CPU
		{0A35912F-AA63-445E-BBA0-B91F9BE08A67}.Debug|Any CPU.Build.0 = Debug|Any CPU
		{0A35912F-AA63-445E-BBA0-B91F9BE08A67}.Debug|ARM.ActiveCfg = Debug|Any CPU
		{0A35912F-AA63-445E-BBA0-B91F9BE08A67}.Debug|ARM.Build.0 = Debug|Any CPU
		{0A35912F-AA63-445E-BBA0-B91F9BE08A67}.Debug|ARM64.ActiveCfg = Debug|Any CPU
		{0A35912F-AA63-445E-BBA0-B91F9BE08A67}.Debug|ARM64.Build.0 = Debug|Any CPU
		{0A35912F-AA63-445E-BBA0-B91F9BE08A67}.Debug|x64.ActiveCfg = Debug|Any CPU
		{0A35912F-AA63-445E-BBA0-B91F9BE08A67}.Debug|x64.Build.0 = Debug|Any CPU
		{0A35912F-AA63-445E-BBA0-B91F9BE08A67}.Debug|x86.ActiveCfg = Debug|Any CPU
		{0A35912F-AA63-445E-BBA0-B91F9BE08A67}.Debug|x86.Build.0 = Debug|Any CPU
		{0A35912F-AA63-445E-BBA0-B91F9BE08A67}.Release|Any CPU.ActiveCfg = Release|Any CPU
		{0A35912F-AA63-445E-BBA0-B91F9BE08A67}.Release|Any CPU.Build.0 = Release|Any CPU
		{0A35912F-AA63-445E-BBA0-B91F9BE08A67}.Release|ARM.ActiveCfg = Release|Any CPU
		{0A35912F-AA63-445E-BBA0-B91F9BE08A67}.Release|ARM.Build.0 = Release|Any CPU
		{0A35912F-AA63-445E-BBA0-B91F9BE08A67}.Release|ARM64.ActiveCfg = Release|Any CPU
		{0A35912F-AA63-445E-BBA0-B91F9BE08A67}.Release|ARM64.Build.0 = Release|Any CPU
		{0A35912F-AA63-445E-BBA0-B91F9BE08A67}.Release|x64.ActiveCfg = Release|Any CPU
		{0A35912F-AA63-445E-BBA0-B91F9BE08A67}.Release|x64.Build.0 = Release|Any CPU
		{0A35912F-AA63-445E-BBA0-B91F9BE08A67}.Release|x86.ActiveCfg = Release|Any CPU
		{0A35912F-AA63-445E-BBA0-B91F9BE08A67}.Release|x86.Build.0 = Release|Any CPU
		{EA869B43-B2D7-4CB0-9740-3D1E4157CE00}.Debug|Any CPU.ActiveCfg = Debug|Any CPU
		{EA869B43-B2D7-4CB0-9740-3D1E4157CE00}.Debug|Any CPU.Build.0 = Debug|Any CPU
		{EA869B43-B2D7-4CB0-9740-3D1E4157CE00}.Debug|ARM.ActiveCfg = Debug|Any CPU
		{EA869B43-B2D7-4CB0-9740-3D1E4157CE00}.Debug|ARM.Build.0 = Debug|Any CPU
		{EA869B43-B2D7-4CB0-9740-3D1E4157CE00}.Debug|ARM64.ActiveCfg = Debug|Any CPU
		{EA869B43-B2D7-4CB0-9740-3D1E4157CE00}.Debug|ARM64.Build.0 = Debug|Any CPU
		{EA869B43-B2D7-4CB0-9740-3D1E4157CE00}.Debug|x64.ActiveCfg = Debug|Any CPU
		{EA869B43-B2D7-4CB0-9740-3D1E4157CE00}.Debug|x64.Build.0 = Debug|Any CPU
		{EA869B43-B2D7-4CB0-9740-3D1E4157CE00}.Debug|x86.ActiveCfg = Debug|Any CPU
		{EA869B43-B2D7-4CB0-9740-3D1E4157CE00}.Debug|x86.Build.0 = Debug|Any CPU
		{EA869B43-B2D7-4CB0-9740-3D1E4157CE00}.Release|Any CPU.ActiveCfg = Release|Any CPU
		{EA869B43-B2D7-4CB0-9740-3D1E4157CE00}.Release|Any CPU.Build.0 = Release|Any CPU
		{EA869B43-B2D7-4CB0-9740-3D1E4157CE00}.Release|ARM.ActiveCfg = Release|Any CPU
		{EA869B43-B2D7-4CB0-9740-3D1E4157CE00}.Release|ARM.Build.0 = Release|Any CPU
		{EA869B43-B2D7-4CB0-9740-3D1E4157CE00}.Release|ARM64.ActiveCfg = Release|Any CPU
		{EA869B43-B2D7-4CB0-9740-3D1E4157CE00}.Release|ARM64.Build.0 = Release|Any CPU
		{EA869B43-B2D7-4CB0-9740-3D1E4157CE00}.Release|x64.ActiveCfg = Release|Any CPU
		{EA869B43-B2D7-4CB0-9740-3D1E4157CE00}.Release|x64.Build.0 = Release|Any CPU
		{EA869B43-B2D7-4CB0-9740-3D1E4157CE00}.Release|x86.ActiveCfg = Release|Any CPU
		{EA869B43-B2D7-4CB0-9740-3D1E4157CE00}.Release|x86.Build.0 = Release|Any CPU
		{E490FF47-C438-4190-B0DC-C2028873D272}.Debug|Any CPU.ActiveCfg = Debug|Any CPU
		{E490FF47-C438-4190-B0DC-C2028873D272}.Debug|Any CPU.Build.0 = Debug|Any CPU
		{E490FF47-C438-4190-B0DC-C2028873D272}.Debug|ARM.ActiveCfg = Debug|Any CPU
		{E490FF47-C438-4190-B0DC-C2028873D272}.Debug|ARM.Build.0 = Debug|Any CPU
		{E490FF47-C438-4190-B0DC-C2028873D272}.Debug|ARM64.ActiveCfg = Debug|Any CPU
		{E490FF47-C438-4190-B0DC-C2028873D272}.Debug|ARM64.Build.0 = Debug|Any CPU
		{E490FF47-C438-4190-B0DC-C2028873D272}.Debug|x64.ActiveCfg = Debug|Any CPU
		{E490FF47-C438-4190-B0DC-C2028873D272}.Debug|x64.Build.0 = Debug|Any CPU
		{E490FF47-C438-4190-B0DC-C2028873D272}.Debug|x86.ActiveCfg = Debug|Any CPU
		{E490FF47-C438-4190-B0DC-C2028873D272}.Debug|x86.Build.0 = Debug|Any CPU
		{E490FF47-C438-4190-B0DC-C2028873D272}.Release|Any CPU.ActiveCfg = Release|Any CPU
		{E490FF47-C438-4190-B0DC-C2028873D272}.Release|Any CPU.Build.0 = Release|Any CPU
		{E490FF47-C438-4190-B0DC-C2028873D272}.Release|ARM.ActiveCfg = Release|Any CPU
		{E490FF47-C438-4190-B0DC-C2028873D272}.Release|ARM.Build.0 = Release|Any CPU
		{E490FF47-C438-4190-B0DC-C2028873D272}.Release|ARM64.ActiveCfg = Release|Any CPU
		{E490FF47-C438-4190-B0DC-C2028873D272}.Release|ARM64.Build.0 = Release|Any CPU
		{E490FF47-C438-4190-B0DC-C2028873D272}.Release|x64.ActiveCfg = Release|Any CPU
		{E490FF47-C438-4190-B0DC-C2028873D272}.Release|x64.Build.0 = Release|Any CPU
		{E490FF47-C438-4190-B0DC-C2028873D272}.Release|x86.ActiveCfg = Release|Any CPU
		{E490FF47-C438-4190-B0DC-C2028873D272}.Release|x86.Build.0 = Release|Any CPU
		{02A3B31D-B606-409D-9668-9B1AB4D0F9A5}.Debug|Any CPU.ActiveCfg = Debug|Any CPU
		{02A3B31D-B606-409D-9668-9B1AB4D0F9A5}.Debug|Any CPU.Build.0 = Debug|Any CPU
		{02A3B31D-B606-409D-9668-9B1AB4D0F9A5}.Debug|ARM.ActiveCfg = Debug|Any CPU
		{02A3B31D-B606-409D-9668-9B1AB4D0F9A5}.Debug|ARM.Build.0 = Debug|Any CPU
		{02A3B31D-B606-409D-9668-9B1AB4D0F9A5}.Debug|ARM64.ActiveCfg = Debug|Any CPU
		{02A3B31D-B606-409D-9668-9B1AB4D0F9A5}.Debug|ARM64.Build.0 = Debug|Any CPU
		{02A3B31D-B606-409D-9668-9B1AB4D0F9A5}.Debug|x64.ActiveCfg = Debug|Any CPU
		{02A3B31D-B606-409D-9668-9B1AB4D0F9A5}.Debug|x64.Build.0 = Debug|Any CPU
		{02A3B31D-B606-409D-9668-9B1AB4D0F9A5}.Debug|x86.ActiveCfg = Debug|Any CPU
		{02A3B31D-B606-409D-9668-9B1AB4D0F9A5}.Debug|x86.Build.0 = Debug|Any CPU
		{02A3B31D-B606-409D-9668-9B1AB4D0F9A5}.Release|Any CPU.ActiveCfg = Release|Any CPU
		{02A3B31D-B606-409D-9668-9B1AB4D0F9A5}.Release|Any CPU.Build.0 = Release|Any CPU
		{02A3B31D-B606-409D-9668-9B1AB4D0F9A5}.Release|ARM.ActiveCfg = Release|Any CPU
		{02A3B31D-B606-409D-9668-9B1AB4D0F9A5}.Release|ARM.Build.0 = Release|Any CPU
		{02A3B31D-B606-409D-9668-9B1AB4D0F9A5}.Release|ARM64.ActiveCfg = Release|Any CPU
		{02A3B31D-B606-409D-9668-9B1AB4D0F9A5}.Release|ARM64.Build.0 = Release|Any CPU
		{02A3B31D-B606-409D-9668-9B1AB4D0F9A5}.Release|x64.ActiveCfg = Release|Any CPU
		{02A3B31D-B606-409D-9668-9B1AB4D0F9A5}.Release|x64.Build.0 = Release|Any CPU
		{02A3B31D-B606-409D-9668-9B1AB4D0F9A5}.Release|x86.ActiveCfg = Release|Any CPU
		{02A3B31D-B606-409D-9668-9B1AB4D0F9A5}.Release|x86.Build.0 = Release|Any CPU
	EndGlobalSection
	GlobalSection(SolutionProperties) = preSolution
		HideSolutionNode = FALSE
	EndGlobalSection
	GlobalSection(NestedProjects) = preSolution
		{DB1BEDB3-F88E-4EE9-854D-BA63D23056AE} = {46E13084-C295-4086-8BB0-B3A90EAE323A}
		{72CC2959-597D-46C8-B9C7-258960B4AD23} = {46E13084-C295-4086-8BB0-B3A90EAE323A}
		{D2991239-057F-4049-A9F4-4DECDC18931E} = {D76537D5-83AF-4DE0-8223-5D352A06F6C4}
		{0A35912F-AA63-445E-BBA0-B91F9BE08A67} = {46E13084-C295-4086-8BB0-B3A90EAE323A}
		{EA869B43-B2D7-4CB0-9740-3D1E4157CE00} = {8336299A-FB34-4668-81DE-B4DBB76C65C1}
		{E490FF47-C438-4190-B0DC-C2028873D272} = {AEBC8275-17D4-4F68-93A1-4EC4C47326F7}
		{02A3B31D-B606-409D-9668-9B1AB4D0F9A5} = {EDDB0B46-EF38-4398-9145-967C7B37504F}
	EndGlobalSection
	GlobalSection(ExtensibilityGlobals) = postSolution
		SolutionGuid = {FDD291C0-1C49-43B9-92C4-6F076C2546BA}
	EndGlobalSection
EndGlobal
